// !$*UTF8*$!
{
	archiveVersion = 1;
	classes = {
	};
	objectVersion = 56;
	objects = {

/* Begin PBXBuildFile section */
		C86F25C232521D772868B84F /* Pods_ReaditApp.framework in Frameworks */ = {isa = PBXBuildFile; fileRef = 150B5B5F4787506B034B26C8 /* Pods_ReaditApp.framework */; };
		CA1C7E2B2B7BD966002E592E /* ImageResolution.swift in Sources */ = {isa = PBXBuildFile; fileRef = CA1C7E2A2B7BD966002E592E /* ImageResolution.swift */; };
		CA1C7E2D2B7BD977002E592E /* ImagePreview.swift in Sources */ = {isa = PBXBuildFile; fileRef = CA1C7E2C2B7BD977002E592E /* ImagePreview.swift */; };
		CA1C7E2F2B7BD994002E592E /* ImageDetail.swift in Sources */ = {isa = PBXBuildFile; fileRef = CA1C7E2E2B7BD994002E592E /* ImageDetail.swift */; };
		CAA1EF772B7AA85400385BF7 /* RedditResponse.swift in Sources */ = {isa = PBXBuildFile; fileRef = CAA1EF762B7AA85400385BF7 /* RedditResponse.swift */; };
		CAA1EF792B7AA86200385BF7 /* RedditData.swift in Sources */ = {isa = PBXBuildFile; fileRef = CAA1EF782B7AA86200385BF7 /* RedditData.swift */; };
		CAA1EF7B2B7AA86E00385BF7 /* RedditPost.swift in Sources */ = {isa = PBXBuildFile; fileRef = CAA1EF7A2B7AA86E00385BF7 /* RedditPost.swift */; };
		CAA1EF7D2B7AA87A00385BF7 /* PostData.swift in Sources */ = {isa = PBXBuildFile; fileRef = CAA1EF7C2B7AA87A00385BF7 /* PostData.swift */; };
		CAA1EF812B7AA96000385BF7 /* APIService.swift in Sources */ = {isa = PBXBuildFile; fileRef = CAA1EF802B7AA96000385BF7 /* APIService.swift */; };
		CAA1EF852B7AF92E00385BF7 /* PostViewController.swift in Sources */ = {isa = PBXBuildFile; fileRef = CAA1EF842B7AF92E00385BF7 /* PostViewController.swift */; };
		CAFD3BC92B79B2BD001D2C1A /* AppDelegate.swift in Sources */ = {isa = PBXBuildFile; fileRef = CAFD3BC82B79B2BD001D2C1A /* AppDelegate.swift */; };
		CAFD3BCB2B79B2BD001D2C1A /* SceneDelegate.swift in Sources */ = {isa = PBXBuildFile; fileRef = CAFD3BCA2B79B2BD001D2C1A /* SceneDelegate.swift */; };
		CAFD3BD02B79B2BD001D2C1A /* Main.storyboard in Resources */ = {isa = PBXBuildFile; fileRef = CAFD3BCE2B79B2BD001D2C1A /* Main.storyboard */; };
		CAFD3BD22B79B2BF001D2C1A /* Assets.xcassets in Resources */ = {isa = PBXBuildFile; fileRef = CAFD3BD12B79B2BF001D2C1A /* Assets.xcassets */; };
		CAFD3BD52B79B2BF001D2C1A /* LaunchScreen.storyboard in Resources */ = {isa = PBXBuildFile; fileRef = CAFD3BD32B79B2BF001D2C1A /* LaunchScreen.storyboard */; };
/* End PBXBuildFile section */

/* Begin PBXFileReference section */
		150B5B5F4787506B034B26C8 /* Pods_ReaditApp.framework */ = {isa = PBXFileReference; explicitFileType = wrapper.framework; includeInIndex = 0; path = Pods_ReaditApp.framework; sourceTree = BUILT_PRODUCTS_DIR; };
		54F409CE7398AE7AF0AA1800 /* Pods-ReaditApp.release.xcconfig */ = {isa = PBXFileReference; includeInIndex = 1; lastKnownFileType = text.xcconfig; name = "Pods-ReaditApp.release.xcconfig"; path = "Target Support Files/Pods-ReaditApp/Pods-ReaditApp.release.xcconfig"; sourceTree = "<group>"; };
		AEEABF457F3F095005DB38BF /* Pods-ReaditApp.debug.xcconfig */ = {isa = PBXFileReference; includeInIndex = 1; lastKnownFileType = text.xcconfig; name = "Pods-ReaditApp.debug.xcconfig"; path = "Target Support Files/Pods-ReaditApp/Pods-ReaditApp.debug.xcconfig"; sourceTree = "<group>"; };
		CA1C7E2A2B7BD966002E592E /* ImageResolution.swift */ = {isa = PBXFileReference; lastKnownFileType = sourcecode.swift; path = ImageResolution.swift; sourceTree = "<group>"; };
		CA1C7E2C2B7BD977002E592E /* ImagePreview.swift */ = {isa = PBXFileReference; lastKnownFileType = sourcecode.swift; path = ImagePreview.swift; sourceTree = "<group>"; };
		CA1C7E2E2B7BD994002E592E /* ImageDetail.swift */ = {isa = PBXFileReference; lastKnownFileType = sourcecode.swift; path = ImageDetail.swift; sourceTree = "<group>"; };
		CAA1EF762B7AA85400385BF7 /* RedditResponse.swift */ = {isa = PBXFileReference; lastKnownFileType = sourcecode.swift; path = RedditResponse.swift; sourceTree = "<group>"; };
		CAA1EF782B7AA86200385BF7 /* RedditData.swift */ = {isa = PBXFileReference; lastKnownFileType = sourcecode.swift; path = RedditData.swift; sourceTree = "<group>"; };
		CAA1EF7A2B7AA86E00385BF7 /* RedditPost.swift */ = {isa = PBXFileReference; lastKnownFileType = sourcecode.swift; path = RedditPost.swift; sourceTree = "<group>"; };
		CAA1EF7C2B7AA87A00385BF7 /* PostData.swift */ = {isa = PBXFileReference; lastKnownFileType = sourcecode.swift; path = PostData.swift; sourceTree = "<group>"; };
		CAA1EF802B7AA96000385BF7 /* APIService.swift */ = {isa = PBXFileReference; lastKnownFileType = sourcecode.swift; path = APIService.swift; sourceTree = "<group>"; };
		CAA1EF842B7AF92E00385BF7 /* PostViewController.swift */ = {isa = PBXFileReference; lastKnownFileType = sourcecode.swift; path = PostViewController.swift; sourceTree = "<group>"; };
		CAFD3BC52B79B2BD001D2C1A /* ReaditApp.app */ = {isa = PBXFileReference; explicitFileType = wrapper.application; includeInIndex = 0; path = ReaditApp.app; sourceTree = BUILT_PRODUCTS_DIR; };
		CAFD3BC82B79B2BD001D2C1A /* AppDelegate.swift */ = {isa = PBXFileReference; lastKnownFileType = sourcecode.swift; path = AppDelegate.swift; sourceTree = "<group>"; };
		CAFD3BCA2B79B2BD001D2C1A /* SceneDelegate.swift */ = {isa = PBXFileReference; lastKnownFileType = sourcecode.swift; path = SceneDelegate.swift; sourceTree = "<group>"; };
		CAFD3BCF2B79B2BD001D2C1A /* Base */ = {isa = PBXFileReference; lastKnownFileType = file.storyboard; name = Base; path = Base.lproj/Main.storyboard; sourceTree = "<group>"; };
		CAFD3BD12B79B2BF001D2C1A /* Assets.xcassets */ = {isa = PBXFileReference; lastKnownFileType = folder.assetcatalog; path = Assets.xcassets; sourceTree = "<group>"; };
		CAFD3BD42B79B2BF001D2C1A /* Base */ = {isa = PBXFileReference; lastKnownFileType = file.storyboard; name = Base; path = Base.lproj/LaunchScreen.storyboard; sourceTree = "<group>"; };
		CAFD3BD62B79B2BF001D2C1A /* Info.plist */ = {isa = PBXFileReference; lastKnownFileType = text.plist.xml; path = Info.plist; sourceTree = "<group>"; };
/* End PBXFileReference section */

/* Begin PBXFrameworksBuildPhase section */
		CAFD3BC22B79B2BD001D2C1A /* Frameworks */ = {
			isa = PBXFrameworksBuildPhase;
			buildActionMask = 2147483647;
			files = (
				C86F25C232521D772868B84F /* Pods_ReaditApp.framework in Frameworks */,
			);
			runOnlyForDeploymentPostprocessing = 0;
		};
/* End PBXFrameworksBuildPhase section */

/* Begin PBXGroup section */
		6AE28C62D855F52186CB9C06 /* Frameworks */ = {
			isa = PBXGroup;
			children = (
				150B5B5F4787506B034B26C8 /* Pods_ReaditApp.framework */,
			);
			name = Frameworks;
			sourceTree = "<group>";
		};
		CA1C7E262B7BC3E1002E592E /* ViewControllers */ = {
			isa = PBXGroup;
			children = (
				CAA1EF842B7AF92E00385BF7 /* PostViewController.swift */,
			);
			path = ViewControllers;
			sourceTree = "<group>";
		};
		CA1C7E272B7BC3F1002E592E /* Services */ = {
			isa = PBXGroup;
			children = (
				CAA1EF802B7AA96000385BF7 /* APIService.swift */,
			);
			path = Services;
			sourceTree = "<group>";
		};
		CA1C7E292B7BD958002E592E /* Image */ = {
			isa = PBXGroup;
			children = (
				CA1C7E2A2B7BD966002E592E /* ImageResolution.swift */,
				CA1C7E2C2B7BD977002E592E /* ImagePreview.swift */,
				CA1C7E2E2B7BD994002E592E /* ImageDetail.swift */,
			);
			path = Image;
			sourceTree = "<group>";
		};
		CAA1EF752B7AA82F00385BF7 /* Models */ = {
			isa = PBXGroup;
			children = (
				CA1C7E292B7BD958002E592E /* Image */,
				CAA1EF762B7AA85400385BF7 /* RedditResponse.swift */,
				CAA1EF782B7AA86200385BF7 /* RedditData.swift */,
				CAA1EF7A2B7AA86E00385BF7 /* RedditPost.swift */,
				CAA1EF7C2B7AA87A00385BF7 /* PostData.swift */,
			);
			path = Models;
			sourceTree = "<group>";
		};
		CAFD3BBC2B79B2BD001D2C1A = {
			isa = PBXGroup;
			children = (
				CAFD3BC72B79B2BD001D2C1A /* ReaditApp */,
				CAFD3BC62B79B2BD001D2C1A /* Products */,
				F4A043C78AF226807F276BC2 /* Pods */,
				6AE28C62D855F52186CB9C06 /* Frameworks */,
			);
			sourceTree = "<group>";
		};
		CAFD3BC62B79B2BD001D2C1A /* Products */ = {
			isa = PBXGroup;
			children = (
				CAFD3BC52B79B2BD001D2C1A /* ReaditApp.app */,
			);
			name = Products;
			sourceTree = "<group>";
		};
		CAFD3BC72B79B2BD001D2C1A /* ReaditApp */ = {
			isa = PBXGroup;
			children = (
				CA1C7E272B7BC3F1002E592E /* Services */,
				CA1C7E262B7BC3E1002E592E /* ViewControllers */,
				CAA1EF752B7AA82F00385BF7 /* Models */,
				CAFD3BC82B79B2BD001D2C1A /* AppDelegate.swift */,
				CAFD3BCA2B79B2BD001D2C1A /* SceneDelegate.swift */,
				CAFD3BCE2B79B2BD001D2C1A /* Main.storyboard */,
				CAFD3BD12B79B2BF001D2C1A /* Assets.xcassets */,
				CAFD3BD32B79B2BF001D2C1A /* LaunchScreen.storyboard */,
				CAFD3BD62B79B2BF001D2C1A /* Info.plist */,
			);
			path = ReaditApp;
			sourceTree = "<group>";
		};
		F4A043C78AF226807F276BC2 /* Pods */ = {
			isa = PBXGroup;
			children = (
				AEEABF457F3F095005DB38BF /* Pods-ReaditApp.debug.xcconfig */,
				54F409CE7398AE7AF0AA1800 /* Pods-ReaditApp.release.xcconfig */,
			);
			path = Pods;
			sourceTree = "<group>";
		};
/* End PBXGroup section */

/* Begin PBXNativeTarget section */
		CAFD3BC42B79B2BD001D2C1A /* ReaditApp */ = {
			isa = PBXNativeTarget;
			buildConfigurationList = CAFD3BD92B79B2BF001D2C1A /* Build configuration list for PBXNativeTarget "ReaditApp" */;
			buildPhases = (
				C51CBFA5A3F31FE8848DA6B7 /* [CP] Check Pods Manifest.lock */,
				CAFD3BC12B79B2BD001D2C1A /* Sources */,
				CAFD3BC22B79B2BD001D2C1A /* Frameworks */,
				CAFD3BC32B79B2BD001D2C1A /* Resources */,
				6B150BC9F9F3D6FD831ED5F9 /* [CP] Embed Pods Frameworks */,
			);
			buildRules = (
			);
			dependencies = (
			);
			name = ReaditApp;
			productName = ReaditApp;
			productReference = CAFD3BC52B79B2BD001D2C1A /* ReaditApp.app */;
			productType = "com.apple.product-type.application";
		};
/* End PBXNativeTarget section */

/* Begin PBXProject section */
		CAFD3BBD2B79B2BD001D2C1A /* Project object */ = {
			isa = PBXProject;
			attributes = {
				BuildIndependentTargetsInParallel = 1;
				LastSwiftUpdateCheck = 1500;
				LastUpgradeCheck = 1500;
				TargetAttributes = {
					CAFD3BC42B79B2BD001D2C1A = {
						CreatedOnToolsVersion = 15.0;
					};
				};
			};
			buildConfigurationList = CAFD3BC02B79B2BD001D2C1A /* Build configuration list for PBXProject "ReaditApp" */;
			compatibilityVersion = "Xcode 14.0";
			developmentRegion = en;
			hasScannedForEncodings = 0;
			knownRegions = (
				en,
				Base,
			);
			mainGroup = CAFD3BBC2B79B2BD001D2C1A;
			productRefGroup = CAFD3BC62B79B2BD001D2C1A /* Products */;
			projectDirPath = "";
			projectRoot = "";
			targets = (
				CAFD3BC42B79B2BD001D2C1A /* ReaditApp */,
			);
		};
/* End PBXProject section */

/* Begin PBXResourcesBuildPhase section */
		CAFD3BC32B79B2BD001D2C1A /* Resources */ = {
			isa = PBXResourcesBuildPhase;
			buildActionMask = 2147483647;
			files = (
				CAFD3BD52B79B2BF001D2C1A /* LaunchScreen.storyboard in Resources */,
				CAFD3BD22B79B2BF001D2C1A /* Assets.xcassets in Resources */,
				CAFD3BD02B79B2BD001D2C1A /* Main.storyboard in Resources */,
			);
			runOnlyForDeploymentPostprocessing = 0;
		};
/* End PBXResourcesBuildPhase section */

/* Begin PBXShellScriptBuildPhase section */
		6B150BC9F9F3D6FD831ED5F9 /* [CP] Embed Pods Frameworks */ = {
			isa = PBXShellScriptBuildPhase;
			buildActionMask = 2147483647;
			files = (
			);
			inputFileListPaths = (
				"${PODS_ROOT}/Target Support Files/Pods-ReaditApp/Pods-ReaditApp-frameworks-${CONFIGURATION}-input-files.xcfilelist",
			);
			name = "[CP] Embed Pods Frameworks";
			outputFileListPaths = (
				"${PODS_ROOT}/Target Support Files/Pods-ReaditApp/Pods-ReaditApp-frameworks-${CONFIGURATION}-output-files.xcfilelist",
			);
			runOnlyForDeploymentPostprocessing = 0;
			shellPath = /bin/sh;
			shellScript = "\"${PODS_ROOT}/Target Support Files/Pods-ReaditApp/Pods-ReaditApp-frameworks.sh\"\n";
			showEnvVarsInLog = 0;
		};
		C51CBFA5A3F31FE8848DA6B7 /* [CP] Check Pods Manifest.lock */ = {
			isa = PBXShellScriptBuildPhase;
			buildActionMask = 2147483647;
			files = (
			);
			inputFileListPaths = (
			);
			inputPaths = (
				"${PODS_PODFILE_DIR_PATH}/Podfile.lock",
				"${PODS_ROOT}/Manifest.lock",
			);
			name = "[CP] Check Pods Manifest.lock";
			outputFileListPaths = (
			);
			outputPaths = (
				"$(DERIVED_FILE_DIR)/Pods-ReaditApp-checkManifestLockResult.txt",
			);
			runOnlyForDeploymentPostprocessing = 0;
			shellPath = /bin/sh;
			shellScript = "diff \"${PODS_PODFILE_DIR_PATH}/Podfile.lock\" \"${PODS_ROOT}/Manifest.lock\" > /dev/null\nif [ $? != 0 ] ; then\n    # print error to STDERR\n    echo \"error: The sandbox is not in sync with the Podfile.lock. Run 'pod install' or update your CocoaPods installation.\" >&2\n    exit 1\nfi\n# This output is used by Xcode 'outputs' to avoid re-running this script phase.\necho \"SUCCESS\" > \"${SCRIPT_OUTPUT_FILE_0}\"\n";
			showEnvVarsInLog = 0;
		};
/* End PBXShellScriptBuildPhase section */

/* Begin PBXSourcesBuildPhase section */
		CAFD3BC12B79B2BD001D2C1A /* Sources */ = {
			isa = PBXSourcesBuildPhase;
			buildActionMask = 2147483647;
			files = (
				CAA1EF852B7AF92E00385BF7 /* PostViewController.swift in Sources */,
				CA1C7E2B2B7BD966002E592E /* ImageResolution.swift in Sources */,
				CAFD3BC92B79B2BD001D2C1A /* AppDelegate.swift in Sources */,
				CAA1EF772B7AA85400385BF7 /* RedditResponse.swift in Sources */,
				CAFD3BCB2B79B2BD001D2C1A /* SceneDelegate.swift in Sources */,
				CA1C7E2F2B7BD994002E592E /* ImageDetail.swift in Sources */,
				CAA1EF792B7AA86200385BF7 /* RedditData.swift in Sources */,
				CAA1EF7D2B7AA87A00385BF7 /* PostData.swift in Sources */,
				CAA1EF812B7AA96000385BF7 /* APIService.swift in Sources */,
				CAA1EF7B2B7AA86E00385BF7 /* RedditPost.swift in Sources */,
				CA1C7E2D2B7BD977002E592E /* ImagePreview.swift in Sources */,
			);
			runOnlyForDeploymentPostprocessing = 0;
		};
/* End PBXSourcesBuildPhase section */

/* Begin PBXVariantGroup section */
		CAFD3BCE2B79B2BD001D2C1A /* Main.storyboard */ = {
			isa = PBXVariantGroup;
			children = (
				CAFD3BCF2B79B2BD001D2C1A /* Base */,
			);
			name = Main.storyboard;
			sourceTree = "<group>";
		};
		CAFD3BD32B79B2BF001D2C1A /* LaunchScreen.storyboard */ = {
			isa = PBXVariantGroup;
			children = (
				CAFD3BD42B79B2BF001D2C1A /* Base */,
			);
			name = LaunchScreen.storyboard;
			sourceTree = "<group>";
		};
/* End PBXVariantGroup section */

/* Begin XCBuildConfiguration section */
		CAFD3BD72B79B2BF001D2C1A /* Debug */ = {
			isa = XCBuildConfiguration;
			buildSettings = {
				ALWAYS_SEARCH_USER_PATHS = NO;
				ASSETCATALOG_COMPILER_GENERATE_SWIFT_ASSET_SYMBOL_EXTENSIONS = YES;
				CLANG_ANALYZER_NONNULL = YES;
				CLANG_ANALYZER_NUMBER_OBJECT_CONVERSION = YES_AGGRESSIVE;
				CLANG_CXX_LANGUAGE_STANDARD = "gnu++20";
				CLANG_ENABLE_MODULES = YES;
				CLANG_ENABLE_OBJC_ARC = YES;
				CLANG_ENABLE_OBJC_WEAK = YES;
				CLANG_WARN_BLOCK_CAPTURE_AUTORELEASING = YES;
				CLANG_WARN_BOOL_CONVERSION = YES;
				CLANG_WARN_COMMA = YES;
				CLANG_WARN_CONSTANT_CONVERSION = YES;
				CLANG_WARN_DEPRECATED_OBJC_IMPLEMENTATIONS = YES;
				CLANG_WARN_DIRECT_OBJC_ISA_USAGE = YES_ERROR;
				CLANG_WARN_DOCUMENTATION_COMMENTS = YES;
				CLANG_WARN_EMPTY_BODY = YES;
				CLANG_WARN_ENUM_CONVERSION = YES;
				CLANG_WARN_INFINITE_RECURSION = YES;
				CLANG_WARN_INT_CONVERSION = YES;
				CLANG_WARN_NON_LITERAL_NULL_CONVERSION = YES;
				CLANG_WARN_OBJC_IMPLICIT_RETAIN_SELF = YES;
				CLANG_WARN_OBJC_LITERAL_CONVERSION = YES;
				CLANG_WARN_OBJC_ROOT_CLASS = YES_ERROR;
				CLANG_WARN_QUOTED_INCLUDE_IN_FRAMEWORK_HEADER = YES;
				CLANG_WARN_RANGE_LOOP_ANALYSIS = YES;
				CLANG_WARN_STRICT_PROTOTYPES = YES;
				CLANG_WARN_SUSPICIOUS_MOVE = YES;
				CLANG_WARN_UNGUARDED_AVAILABILITY = YES_AGGRESSIVE;
				CLANG_WARN_UNREACHABLE_CODE = YES;
				CLANG_WARN__DUPLICATE_METHOD_MATCH = YES;
				COPY_PHASE_STRIP = NO;
				DEBUG_INFORMATION_FORMAT = dwarf;
				ENABLE_STRICT_OBJC_MSGSEND = YES;
				ENABLE_TESTABILITY = YES;
				ENABLE_USER_SCRIPT_SANDBOXING = NO;
				GCC_C_LANGUAGE_STANDARD = gnu17;
				GCC_DYNAMIC_NO_PIC = NO;
				GCC_NO_COMMON_BLOCKS = YES;
				GCC_OPTIMIZATION_LEVEL = 0;
				GCC_PREPROCESSOR_DEFINITIONS = (
					"DEBUG=1",
					"$(inherited)",
				);
				GCC_WARN_64_TO_32_BIT_CONVERSION = YES;
				GCC_WARN_ABOUT_RETURN_TYPE = YES_ERROR;
				GCC_WARN_UNDECLARED_SELECTOR = YES;
				GCC_WARN_UNINITIALIZED_AUTOS = YES_AGGRESSIVE;
				GCC_WARN_UNUSED_FUNCTION = YES;
				GCC_WARN_UNUSED_VARIABLE = YES;
				IPHONEOS_DEPLOYMENT_TARGET = 17.0;
				LOCALIZATION_PREFERS_STRING_CATALOGS = YES;
				MTL_ENABLE_DEBUG_INFO = INCLUDE_SOURCE;
				MTL_FAST_MATH = YES;
				ONLY_ACTIVE_ARCH = YES;
				SDKROOT = iphoneos;
				SWIFT_ACTIVE_COMPILATION_CONDITIONS = "DEBUG $(inherited)";
				SWIFT_OPTIMIZATION_LEVEL = "-Onone";
			};
			name = Debug;
		};
		CAFD3BD82B79B2BF001D2C1A /* Release */ = {
			isa = XCBuildConfiguration;
			buildSettings = {
				ALWAYS_SEARCH_USER_PATHS = NO;
				ASSETCATALOG_COMPILER_GENERATE_SWIFT_ASSET_SYMBOL_EXTENSIONS = YES;
				CLANG_ANALYZER_NONNULL = YES;
				CLANG_ANALYZER_NUMBER_OBJECT_CONVERSION = YES_AGGRESSIVE;
				CLANG_CXX_LANGUAGE_STANDARD = "gnu++20";
				CLANG_ENABLE_MODULES = YES;
				CLANG_ENABLE_OBJC_ARC = YES;
				CLANG_ENABLE_OBJC_WEAK = YES;
				CLANG_WARN_BLOCK_CAPTURE_AUTORELEASING = YES;
				CLANG_WARN_BOOL_CONVERSION = YES;
				CLANG_WARN_COMMA = YES;
				CLANG_WARN_CONSTANT_CONVERSION = YES;
				CLANG_WARN_DEPRECATED_OBJC_IMPLEMENTATIONS = YES;
				CLANG_WARN_DIRECT_OBJC_ISA_USAGE = YES_ERROR;
				CLANG_WARN_DOCUMENTATION_COMMENTS = YES;
				CLANG_WARN_EMPTY_BODY = YES;
				CLANG_WARN_ENUM_CONVERSION = YES;
				CLANG_WARN_INFINITE_RECURSION = YES;
				CLANG_WARN_INT_CONVERSION = YES;
				CLANG_WARN_NON_LITERAL_NULL_CONVERSION = YES;
				CLANG_WARN_OBJC_IMPLICIT_RETAIN_SELF = YES;
				CLANG_WARN_OBJC_LITERAL_CONVERSION = YES;
				CLANG_WARN_OBJC_ROOT_CLASS = YES_ERROR;
				CLANG_WARN_QUOTED_INCLUDE_IN_FRAMEWORK_HEADER = YES;
				CLANG_WARN_RANGE_LOOP_ANALYSIS = YES;
				CLANG_WARN_STRICT_PROTOTYPES = YES;
				CLANG_WARN_SUSPICIOUS_MOVE = YES;
				CLANG_WARN_UNGUARDED_AVAILABILITY = YES_AGGRESSIVE;
				CLANG_WARN_UNREACHABLE_CODE = YES;
				CLANG_WARN__DUPLICATE_METHOD_MATCH = YES;
				COPY_PHASE_STRIP = NO;
				DEBUG_INFORMATION_FORMAT = "dwarf-with-dsym";
				ENABLE_NS_ASSERTIONS = NO;
				ENABLE_STRICT_OBJC_MSGSEND = YES;
				ENABLE_USER_SCRIPT_SANDBOXING = NO;
				GCC_C_LANGUAGE_STANDARD = gnu17;
				GCC_NO_COMMON_BLOCKS = YES;
				GCC_WARN_64_TO_32_BIT_CONVERSION = YES;
				GCC_WARN_ABOUT_RETURN_TYPE = YES_ERROR;
				GCC_WARN_UNDECLARED_SELECTOR = YES;
				GCC_WARN_UNINITIALIZED_AUTOS = YES_AGGRESSIVE;
				GCC_WARN_UNUSED_FUNCTION = YES;
				GCC_WARN_UNUSED_VARIABLE = YES;
				IPHONEOS_DEPLOYMENT_TARGET = 17.0;
				LOCALIZATION_PREFERS_STRING_CATALOGS = YES;
				MTL_ENABLE_DEBUG_INFO = NO;
				MTL_FAST_MATH = YES;
				SDKROOT = iphoneos;
				SWIFT_COMPILATION_MODE = wholemodule;
				VALIDATE_PRODUCT = YES;
			};
			name = Release;
		};
		CAFD3BDA2B79B2BF001D2C1A /* Debug */ = {
			isa = XCBuildConfiguration;
			baseConfigurationReference = AEEABF457F3F095005DB38BF /* Pods-ReaditApp.debug.xcconfig */;
			buildSettings = {
				ASSETCATALOG_COMPILER_APPICON_NAME = AppIcon;
				ASSETCATALOG_COMPILER_GLOBAL_ACCENT_COLOR_NAME = AccentColor;
				CODE_SIGN_STYLE = Automatic;
				CURRENT_PROJECT_VERSION = 1;
				DEVELOPMENT_TEAM = VNU8KKW4GG;
				GENERATE_INFOPLIST_FILE = YES;
				INFOPLIST_FILE = ReaditApp/Info.plist;
				INFOPLIST_KEY_UIApplicationSupportsIndirectInputEvents = YES;
				INFOPLIST_KEY_UILaunchStoryboardName = LaunchScreen;
				INFOPLIST_KEY_UIMainStoryboardFile = Main;
				INFOPLIST_KEY_UIStatusBarStyle = "";
				INFOPLIST_KEY_UISupportedInterfaceOrientations = "UIInterfaceOrientationLandscapeLeft UIInterfaceOrientationLandscapeRight UIInterfaceOrientationPortrait UIInterfaceOrientationPortraitUpsideDown";
				LD_RUNPATH_SEARCH_PATHS = (
					"$(inherited)",
					"@executable_path/Frameworks",
				);
				MARKETING_VERSION = 1.0;
				PRODUCT_BUNDLE_IDENTIFIER = ua.edu.ukma.mapthree.ReaditApp;
				PRODUCT_NAME = "$(TARGET_NAME)";
				SUPPORTED_PLATFORMS = "iphoneos iphonesimulator";
				SUPPORTS_MACCATALYST = NO;
				SUPPORTS_MAC_DESIGNED_FOR_IPHONE_IPAD = NO;
				SWIFT_EMIT_LOC_STRINGS = YES;
				SWIFT_VERSION = 5.0;
				TARGETED_DEVICE_FAMILY = 1;
			};
			name = Debug;
		};
		CAFD3BDB2B79B2BF001D2C1A /* Release */ = {
			isa = XCBuildConfiguration;
			baseConfigurationReference = 54F409CE7398AE7AF0AA1800 /* Pods-ReaditApp.release.xcconfig */;
			buildSettings = {
				ASSETCATALOG_COMPILER_APPICON_NAME = AppIcon;
				ASSETCATALOG_COMPILER_GLOBAL_ACCENT_COLOR_NAME = AccentColor;
				CODE_SIGN_STYLE = Automatic;
				CURRENT_PROJECT_VERSION = 1;
				DEVELOPMENT_TEAM = VNU8KKW4GG;
				GENERATE_INFOPLIST_FILE = YES;
				INFOPLIST_FILE = ReaditApp/Info.plist;
				INFOPLIST_KEY_UIApplicationSupportsIndirectInputEvents = YES;
				INFOPLIST_KEY_UILaunchStoryboardName = LaunchScreen;
				INFOPLIST_KEY_UIMainStoryboardFile = Main;
				INFOPLIST_KEY_UIStatusBarStyle = "";
				INFOPLIST_KEY_UISupportedInterfaceOrientations = "UIInterfaceOrientationLandscapeLeft UIInterfaceOrientationLandscapeRight UIInterfaceOrientationPortrait UIInterfaceOrientationPortraitUpsideDown";
				LD_RUNPATH_SEARCH_PATHS = (
					"$(inherited)",
					"@executable_path/Frameworks",
				);
				MARKETING_VERSION = 1.0;
				PRODUCT_BUNDLE_IDENTIFIER = ua.edu.ukma.mapthree.ReaditApp;
				PRODUCT_NAME = "$(TARGET_NAME)";
				SUPPORTED_PLATFORMS = "iphoneos iphonesimulator";
				SUPPORTS_MACCATALYST = NO;
				SUPPORTS_MAC_DESIGNED_FOR_IPHONE_IPAD = NO;
				SWIFT_EMIT_LOC_STRINGS = YES;
				SWIFT_VERSION = 5.0;
				TARGETED_DEVICE_FAMILY = 1;
			};
			name = Release;
		};
/* End XCBuildConfiguration section */

/* Begin XCConfigurationList section */
		CAFD3BC02B79B2BD001D2C1A /* Build configuration list for PBXProject "ReaditApp" */ = {
			isa = XCConfigurationList;
			buildConfigurations = (
				CAFD3BD72B79B2BF001D2C1A /* Debug */,
				CAFD3BD82B79B2BF001D2C1A /* Release */,
			);
			defaultConfigurationIsVisible = 0;
			defaultConfigurationName = Release;
		};
		CAFD3BD92B79B2BF001D2C1A /* Build configuration list for PBXNativeTarget "ReaditApp" */ = {
			isa = XCConfigurationList;
			buildConfigurations = (
				CAFD3BDA2B79B2BF001D2C1A /* Debug */,
				CAFD3BDB2B79B2BF001D2C1A /* Release */,
			);
			defaultConfigurationIsVisible = 0;
			defaultConfigurationName = Release;
		};
/* End XCConfigurationList section */
	};
	rootObject = CAFD3BBD2B79B2BD001D2C1A /* Project object */;
}
